// !$*UTF8*$!
{
	archiveVersion = 1;
	classes = {
	};
	objectVersion = 46;
	objects = {

/* Begin PBXBuildFile section */
		1B018E081A91E6B300ACB07D /* AppDelegate.swift in Sources */ = {isa = PBXBuildFile; fileRef = 1B018E071A91E6B300ACB07D /* AppDelegate.swift */; };
		1B018E0A1A91E6B300ACB07D /* ViewController.swift in Sources */ = {isa = PBXBuildFile; fileRef = 1B018E091A91E6B300ACB07D /* ViewController.swift */; };
		1B018E0D1A91E6B300ACB07D /* Main.storyboard in Resources */ = {isa = PBXBuildFile; fileRef = 1B018E0B1A91E6B300ACB07D /* Main.storyboard */; };
		1B018E0F1A91E6B300ACB07D /* Images.xcassets in Resources */ = {isa = PBXBuildFile; fileRef = 1B018E0E1A91E6B300ACB07D /* Images.xcassets */; };
		1B018E121A91E6B300ACB07D /* LaunchScreen.xib in Resources */ = {isa = PBXBuildFile; fileRef = 1B018E101A91E6B300ACB07D /* LaunchScreen.xib */; };
		1B018E1E1A91E6B300ACB07D /* ColorsGameTests.swift in Sources */ = {isa = PBXBuildFile; fileRef = 1B018E1D1A91E6B300ACB07D /* ColorsGameTests.swift */; };
		1B018E281A91F05D00ACB07D /* MultipeerConnectivity.framework in Frameworks */ = {isa = PBXBuildFile; fileRef = 1B018E271A91F05D00ACB07D /* MultipeerConnectivity.framework */; };
/* End PBXBuildFile section */

/* Begin PBXContainerItemProxy section */
		1B018E181A91E6B300ACB07D /* PBXContainerItemProxy */ = {
			isa = PBXContainerItemProxy;
			containerPortal = 1B018DFA1A91E6B300ACB07D /* Project object */;
			proxyType = 1;
			remoteGlobalIDString = 1B018E011A91E6B300ACB07D;
			remoteInfo = ColorsGame;
		};
/* End PBXContainerItemProxy section */

/* Begin PBXFileReference section */
		1B018E021A91E6B300ACB07D /* ColorsGame.app */ = {isa = PBXFileReference; explicitFileType = wrapper.application; includeInIndex = 0; path = ColorsGame.app; sourceTree = BUILT_PRODUCTS_DIR; };
		1B018E061A91E6B300ACB07D /* Info.plist */ = {isa = PBXFileReference; lastKnownFileType = text.plist.xml; path = Info.plist; sourceTree = "<group>"; };
		1B018E071A91E6B300ACB07D /* AppDelegate.swift */ = {isa = PBXFileReference; lastKnownFileType = sourcecode.swift; path = AppDelegate.swift; sourceTree = "<group>"; };
		1B018E091A91E6B300ACB07D /* ViewController.swift */ = {isa = PBXFileReference; lastKnownFileType = sourcecode.swift; path = ViewController.swift; sourceTree = "<group>"; };
		1B018E0C1A91E6B300ACB07D /* Base */ = {isa = PBXFileReference; lastKnownFileType = file.storyboard; name = Base; path = Base.lproj/Main.storyboard; sourceTree = "<group>"; };
		1B018E0E1A91E6B300ACB07D /* Images.xcassets */ = {isa = PBXFileReference; lastKnownFileType = folder.assetcatalog; path = Images.xcassets; sourceTree = "<group>"; };
		1B018E111A91E6B300ACB07D /* Base */ = {isa = PBXFileReference; lastKnownFileType = file.xib; name = Base; path = Base.lproj/LaunchScreen.xib; sourceTree = "<group>"; };
		1B018E171A91E6B300ACB07D /* ColorsGameTests.xctest */ = {isa = PBXFileReference; explicitFileType = wrapper.cfbundle; includeInIndex = 0; path = ColorsGameTests.xctest; sourceTree = BUILT_PRODUCTS_DIR; };
		1B018E1C1A91E6B300ACB07D /* Info.plist */ = {isa = PBXFileReference; lastKnownFileType = text.plist.xml; path = Info.plist; sourceTree = "<group>"; };
		1B018E1D1A91E6B300ACB07D /* ColorsGameTests.swift */ = {isa = PBXFileReference; lastKnownFileType = sourcecode.swift; path = ColorsGameTests.swift; sourceTree = "<group>"; };
		1B018E271A91F05D00ACB07D /* MultipeerConnectivity.framework */ = {isa = PBXFileReference; lastKnownFileType = wrapper.framework; name = MultipeerConnectivity.framework; path = System/Library/Frameworks/MultipeerConnectivity.framework; sourceTree = SDKROOT; };
/* End PBXFileReference section */

/* Begin PBXFrameworksBuildPhase section */
		1B018DFF1A91E6B300ACB07D /* Frameworks */ = {
			isa = PBXFrameworksBuildPhase;
			buildActionMask = 2147483647;
			files = (
				1B018E281A91F05D00ACB07D /* MultipeerConnectivity.framework in Frameworks */,
			);
			runOnlyForDeploymentPostprocessing = 0;
		};
		1B018E141A91E6B300ACB07D /* Frameworks */ = {
			isa = PBXFrameworksBuildPhase;
			buildActionMask = 2147483647;
			files = (
			);
			runOnlyForDeploymentPostprocessing = 0;
		};
/* End PBXFrameworksBuildPhase section */

/* Begin PBXGroup section */
		1B018DF91A91E6B300ACB07D = {
			isa = PBXGroup;
			children = (
				1B018E041A91E6B300ACB07D /* ColorsGame */,
				1B018E1A1A91E6B300ACB07D /* ColorsGameTests */,
				1B018E031A91E6B300ACB07D /* Products */,
				1B018E271A91F05D00ACB07D /* MultipeerConnectivity.framework */,
			);
			sourceTree = "<group>";
		};
		1B018E031A91E6B300ACB07D /* Products */ = {
			isa = PBXGroup;
			children = (
				1B018E021A91E6B300ACB07D /* ColorsGame.app */,
				1B018E171A91E6B300ACB07D /* ColorsGameTests.xctest */,
			);
			name = Products;
			sourceTree = "<group>";
		};
		1B018E041A91E6B300ACB07D /* ColorsGame */ = {
			isa = PBXGroup;
			children = (
				1B018E071A91E6B300ACB07D /* AppDelegate.swift */,
				1B018E091A91E6B300ACB07D /* ViewController.swift */,
				1B018E0B1A91E6B300ACB07D /* Main.storyboard */,
				1B018E0E1A91E6B300ACB07D /* Images.xcassets */,
				1B018E101A91E6B300ACB07D /* LaunchScreen.xib */,
				1B018E051A91E6B300ACB07D /* Supporting Files */,
			);
			path = ColorsGame;
			sourceTree = "<group>";
		};
		1B018E051A91E6B300ACB07D /* Supporting Files */ = {
			isa = PBXGroup;
			children = (
				1B018E061A91E6B300ACB07D /* Info.plist */,
			);
			name = "Supporting Files";
			sourceTree = "<group>";
		};
		1B018E1A1A91E6B300ACB07D /* ColorsGameTests */ = {
			isa = PBXGroup;
			children = (
				1B018E1D1A91E6B300ACB07D /* ColorsGameTests.swift */,
				1B018E1B1A91E6B300ACB07D /* Supporting Files */,
			);
			path = ColorsGameTests;
			sourceTree = "<group>";
		};
		1B018E1B1A91E6B300ACB07D /* Supporting Files */ = {
			isa = PBXGroup;
			children = (
				1B018E1C1A91E6B300ACB07D /* Info.plist */,
			);
			name = "Supporting Files";
			sourceTree = "<group>";
		};
/* End PBXGroup section */

/* Begin PBXNativeTarget section */
		1B018E011A91E6B300ACB07D /* ColorsGame */ = {
			isa = PBXNativeTarget;
			buildConfigurationList = 1B018E211A91E6B300ACB07D /* Build configuration list for PBXNativeTarget "ColorsGame" */;
			buildPhases = (
				1B018DFE1A91E6B300ACB07D /* Sources */,
				1B018DFF1A91E6B300ACB07D /* Frameworks */,
				1B018E001A91E6B300ACB07D /* Resources */,
			);
			buildRules = (
			);
			dependencies = (
			);
			name = ColorsGame;
			productName = ColorsGame;
			productReference = 1B018E021A91E6B300ACB07D /* ColorsGame.app */;
			productType = "com.apple.product-type.application";
		};
		1B018E161A91E6B300ACB07D /* ColorsGameTests */ = {
			isa = PBXNativeTarget;
			buildConfigurationList = 1B018E241A91E6B300ACB07D /* Build configuration list for PBXNativeTarget "ColorsGameTests" */;
			buildPhases = (
				1B018E131A91E6B300ACB07D /* Sources */,
				1B018E141A91E6B300ACB07D /* Frameworks */,
				1B018E151A91E6B300ACB07D /* Resources */,
			);
			buildRules = (
			);
			dependencies = (
				1B018E191A91E6B300ACB07D /* PBXTargetDependency */,
			);
			name = ColorsGameTests;
			productName = ColorsGameTests;
			productReference = 1B018E171A91E6B300ACB07D /* ColorsGameTests.xctest */;
			productType = "com.apple.product-type.bundle.unit-test";
		};
/* End PBXNativeTarget section */

/* Begin PBXProject section */
		1B018DFA1A91E6B300ACB07D /* Project object */ = {
			isa = PBXProject;
			attributes = {
				LastUpgradeCheck = 0610;
				ORGANIZATIONNAME = "Alex Greene";
				TargetAttributes = {
					1B018E011A91E6B300ACB07D = {
						CreatedOnToolsVersion = 6.1.1;
						DevelopmentTeam = FGYEWDQDU2;
					};
					1B018E161A91E6B300ACB07D = {
						CreatedOnToolsVersion = 6.1.1;
						TestTargetID = 1B018E011A91E6B300ACB07D;
					};
				};
			};
			buildConfigurationList = 1B018DFD1A91E6B300ACB07D /* Build configuration list for PBXProject "ColorsGame" */;
			compatibilityVersion = "Xcode 3.2";
			developmentRegion = English;
			hasScannedForEncodings = 0;
			knownRegions = (
				en,
				Base,
			);
			mainGroup = 1B018DF91A91E6B300ACB07D;
			productRefGroup = 1B018E031A91E6B300ACB07D /* Products */;
			projectDirPath = "";
			projectRoot = "";
			targets = (
				1B018E011A91E6B300ACB07D /* ColorsGame */,
				1B018E161A91E6B300ACB07D /* ColorsGameTests */,
			);
		};
/* End PBXProject section */

/* Begin PBXResourcesBuildPhase section */
		1B018E001A91E6B300ACB07D /* Resources */ = {
			isa = PBXResourcesBuildPhase;
			buildActionMask = 2147483647;
			files = (
				1B018E0D1A91E6B300ACB07D /* Main.storyboard in Resources */,
				1B018E121A91E6B300ACB07D /* LaunchScreen.xib in Resources */,
				1B018E0F1A91E6B300ACB07D /* Images.xcassets in Resources */,
			);
			runOnlyForDeploymentPostprocessing = 0;
		};
		1B018E151A91E6B300ACB07D /* Resources */ = {
			isa = PBXResourcesBuildPhase;
			buildActionMask = 2147483647;
			files = (
			);
			runOnlyForDeploymentPostprocessing = 0;
		};
/* End PBXResourcesBuildPhase section */

/* Begin PBXSourcesBuildPhase section */
		1B018DFE1A91E6B300ACB07D /* Sources */ = {
			isa = PBXSourcesBuildPhase;
			buildActionMask = 2147483647;
			files = (
				1B018E0A1A91E6B300ACB07D /* ViewController.swift in Sources */,
				1B018E081A91E6B300ACB07D /* AppDelegate.swift in Sources */,
			);
			runOnlyForDeploymentPostprocessing = 0;
		};
		1B018E131A91E6B300ACB07D /* Sources */ = {
			isa = PBXSourcesBuildPhase;
			buildActionMask = 2147483647;
			files = (
				1B018E1E1A91E6B300ACB07D /* ColorsGameTests.swift in Sources */,
			);
			runOnlyForDeploymentPostprocessing = 0;
		};
/* End PBXSourcesBuildPhase section */

/* Begin PBXTargetDependency section */
		1B018E191A91E6B300ACB07D /* PBXTargetDependency */ = {
			isa = PBXTargetDependency;
			target = 1B018E011A91E6B300ACB07D /* ColorsGame */;
			targetProxy = 1B018E181A91E6B300ACB07D /* PBXContainerItemProxy */;
		};
/* End PBXTargetDependency section */

/* Begin PBXVariantGroup section */
		1B018E0B1A91E6B300ACB07D /* Main.storyboard */ = {
			isa = PBXVariantGroup;
			children = (
				1B018E0C1A91E6B300ACB07D /* Base */,
			);
			name = Main.storyboard;
			sourceTree = "<group>";
		};
		1B018E101A91E6B300ACB07D /* LaunchScreen.xib */ = {
			isa = PBXVariantGroup;
			children = (
				1B018E111A91E6B300ACB07D /* Base */,
			);
			name = LaunchScreen.xib;
			sourceTree = "<group>";
		};
/* End PBXVariantGroup section */

/* Begin XCBuildConfiguration section */
		1B018E1F1A91E6B300ACB07D /* Debug */ = {
			isa = XCBuildConfiguration;
			buildSettings = {
				ALWAYS_SEARCH_USER_PATHS = NO;
				CLANG_CXX_LANGUAGE_STANDARD = "gnu++0x";
				CLANG_CXX_LIBRARY = "libc++";
				CLANG_ENABLE_MODULES = YES;
				CLANG_ENABLE_OBJC_ARC = YES;
				CLANG_WARN_BOOL_CONVERSION = YES;
				CLANG_WARN_CONSTANT_CONVERSION = YES;
				CLANG_WARN_DIRECT_OBJC_ISA_USAGE = YES_ERROR;
				CLANG_WARN_EMPTY_BODY = YES;
				CLANG_WARN_ENUM_CONVERSION = YES;
				CLANG_WARN_INT_CONVERSION = YES;
				CLANG_WARN_OBJC_ROOT_CLASS = YES_ERROR;
				CLANG_WARN_UNREACHABLE_CODE = YES;
				CLANG_WARN__DUPLICATE_METHOD_MATCH = YES;
				"CODE_SIGN_IDENTITY[sdk=iphoneos*]" = "iPhone Developer";
				COPY_PHASE_STRIP = NO;
				ENABLE_STRICT_OBJC_MSGSEND = YES;
				GCC_C_LANGUAGE_STANDARD = gnu99;
				GCC_DYNAMIC_NO_PIC = NO;
				GCC_OPTIMIZATION_LEVEL = 0;
				GCC_PREPROCESSOR_DEFINITIONS = (
					"DEBUG=1",
					"$(inherited)",
				);
				GCC_SYMBOLS_PRIVATE_EXTERN = NO;
				GCC_WARN_64_TO_32_BIT_CONVERSION = YES;
				GCC_WARN_ABOUT_RETURN_TYPE = YES_ERROR;
				GCC_WARN_UNDECLARED_SELECTOR = YES;
				GCC_WARN_UNINITIALIZED_AUTOS = YES_AGGRESSIVE;
				GCC_WARN_UNUSED_FUNCTION = YES;
				GCC_WARN_UNUSED_VARIABLE = YES;
				IPHONEOS_DEPLOYMENT_TARGET = 8.1;
				MTL_ENABLE_DEBUG_INFO = YES;
				ONLY_ACTIVE_ARCH = YES;
				SDKROOT = iphoneos;
				SWIFT_OPTIMIZATION_LEVEL = "-Onone";
				TARGETED_DEVICE_FAMILY = "1,2";
			};
			name = Debug;
		};
		1B018E201A91E6B300ACB07D /* Release */ = {
			isa = XCBuildConfiguration;
			buildSettings = {
				ALWAYS_SEARCH_USER_PATHS = NO;
				CLANG_CXX_LANGUAGE_STANDARD = "gnu++0x";
				CLANG_CXX_LIBRARY = "libc++";
				CLANG_ENABLE_MODULES = YES;
				CLANG_ENABLE_OBJC_ARC = YES;
				CLANG_WARN_BOOL_CONVERSION = YES;
				CLANG_WARN_CONSTANT_CONVERSION = YES;
				CLANG_WARN_DIRECT_OBJC_ISA_USAGE = YES_ERROR;
				CLANG_WARN_EMPTY_BODY = YES;
				CLANG_WARN_ENUM_CONVERSION = YES;
				CLANG_WARN_INT_CONVERSION = YES;
				CLANG_WARN_OBJC_ROOT_CLASS = YES_ERROR;
				CLANG_WARN_UNREACHABLE_CODE = YES;
				CLANG_WARN__DUPLICATE_METHOD_MATCH = YES;
				"CODE_SIGN_IDENTITY[sdk=iphoneos*]" = "iPhone Developer";
				COPY_PHASE_STRIP = YES;
				ENABLE_NS_ASSERTIONS = NO;
				ENABLE_STRICT_OBJC_MSGSEND = YES;
				GCC_C_LANGUAGE_STANDARD = gnu99;
				GCC_WARN_64_TO_32_BIT_CONVERSION = YES;
				GCC_WARN_ABOUT_RETURN_TYPE = YES_ERROR;
				GCC_WARN_UNDECLARED_SELECTOR = YES;
				GCC_WARN_UNINITIALIZED_AUTOS = YES_AGGRESSIVE;
				GCC_WARN_UNUSED_FUNCTION = YES;
				GCC_WARN_UNUSED_VARIABLE = YES;
				IPHONEOS_DEPLOYMENT_TARGET = 8.1;
				MTL_ENABLE_DEBUG_INFO = NO;
				SDKROOT = iphoneos;
				TARGETED_DEVICE_FAMILY = "1,2";
				VALIDATE_PRODUCT = YES;
			};
			name = Release;
		};
		1B018E221A91E6B300ACB07D /* Debug */ = {
			isa = XCBuildConfiguration;
			buildSettings = {
				ASSETCATALOG_COMPILER_APPICON_NAME = AppIcon;
				CODE_SIGN_IDENTITY = "iPhone Developer";
				"CODE_SIGN_IDENTITY[sdk=iphoneos*]" = "iPhone Developer";
				INFOPLIST_FILE = ColorsGame/Info.plist;
				LD_RUNPATH_SEARCH_PATHS = "$(inherited) @executable_path/Frameworks";
				PRODUCT_NAME = "$(TARGET_NAME)";
				PROVISIONING_PROFILE = "";
			};
			name = Debug;
		};
		1B018E231A91E6B300ACB07D /* Release */ = {
			isa = XCBuildConfiguration;
			buildSettings = {
				ASSETCATALOG_COMPILER_APPICON_NAME = AppIcon;
				CODE_SIGN_IDENTITY = "iPhone Developer";
				"CODE_SIGN_IDENTITY[sdk=iphoneos*]" = "iPhone Developer";
				INFOPLIST_FILE = ColorsGame/Info.plist;
				LD_RUNPATH_SEARCH_PATHS = "$(inherited) @executable_path/Frameworks";
				PRODUCT_NAME = "$(TARGET_NAME)";
				PROVISIONING_PROFILE = "";
			};
			name = Release;
		};
		1B018E251A91E6B300ACB07D /* Debug */ = {
			isa = XCBuildConfiguration;
			buildSettings = {
				BUNDLE_LOADER = "$(TEST_HOST)";
				FRAMEWORK_SEARCH_PATHS = (
					"$(SDKROOT)/Developer/Library/Frameworks",
					"$(inherited)",
				);
				GCC_PREPROCESSOR_DEFINITIONS = (
					"DEBUG=1",
					"$(inherited)",
				);
				INFOPLIST_FILE = ColorsGameTests/Info.plist;
				LD_RUNPATH_SEARCH_PATHS = "$(inherited) @executable_path/Frameworks @loader_path/Frameworks";
				PRODUCT_NAME = "$(TARGET_NAME)";
				TEST_HOST = "$(BUILT_PRODUCTS_DIR)/ColorsGame.app/ColorsGame";
			};
			name = Debug;
		};
		1B018E261A91E6B300ACB07D /* Release */ = {
			isa = XCBuildConfiguration;
			buildSettings = {
				BUNDLE_LOADER = "$(TEST_HOST)";
				FRAMEWORK_SEARCH_PATHS = (
					"$(SDKROOT)/Developer/Library/Frameworks",
					"$(inherited)",
				);
				INFOPLIST_FILE = ColorsGameTests/Info.plist;
				LD_RUNPATH_SEARCH_PATHS = "$(inherited) @executable_path/Frameworks @loader_path/Frameworks";
				PRODUCT_NAME = "$(TARGET_NAME)";
				TEST_HOST = "$(BUILT_PRODUCTS_DIR)/ColorsGame.app/ColorsGame";
			};
			name = Release;
		};
/* End XCBuildConfiguration section */

/* Begin XCConfigurationList section */
		1B018DFD1A91E6B300ACB07D /* Build configuration list for PBXProject "ColorsGame" */ = {
			isa = XCConfigurationList;
			buildConfigurations = (
				1B018E1F1A91E6B300ACB07D /* Debug */,
				1B018E201A91E6B300ACB07D /* Release */,
			);
			defaultConfigurationIsVisible = 0;
			defaultConfigurationName = Release;
		};
		1B018E211A91E6B300ACB07D /* Build configuration list for PBXNativeTarget "ColorsGame" */ = {
			isa = XCConfigurationList;
			buildConfigurations = (
				1B018E221A91E6B300ACB07D /* Debug */,
				1B018E231A91E6B300ACB07D /* Release */,
			);
			defaultConfigurationIsVisible = 0;
			defaultConfigurationName = Release;
		};
		1B018E241A91E6B300ACB07D /* Build configuration list for PBXNativeTarget "ColorsGameTests" */ = {
			isa = XCConfigurationList;
			buildConfigurations = (
				1B018E251A91E6B300ACB07D /* Debug */,
				1B018E261A91E6B300ACB07D /* Release */,
			);
			defaultConfigurationIsVisible = 0;
			defaultConfigurationName = Release;
		};
/* End XCConfigurationList section */
	};
	rootObject = 1B018DFA1A91E6B300ACB07D /* Project object */;
}
